
Microsoft Visual Studio Solution File, Format Version 12.00
# Visual Studio Version 16
VisualStudioVersion = 16.0.28803.352
MinimumVisualStudioVersion = 10.0.40219.1
Project("{FAE04EC0-301F-11D3-BF4B-00C04F79EFBC}") = "ServicioImpuesto.Domain", "ServicioImpuesto.Domain\ServicioImpuesto.Domain.csproj", "{F6E7D287-93F8-4A79-B4D0-75026AAAC283}"
EndProject
Project("{FAE04EC0-301F-11D3-BF4B-00C04F79EFBC}") = "ServicioImpuesto.Domain.Test", "ServicioImpuesto.Domain.Test\ServicioImpuesto.Domain.Test.csproj", "{FA77E9AA-2D16-464B-9CD4-50656DC513DF}"
EndProject
Global
	GlobalSection(SolutionConfigurationPlatforms) = preSolution
		Debug|Any CPU = Debug|Any CPU
		Release|Any CPU = Release|Any CPU
	EndGlobalSection
	GlobalSection(ProjectConfigurationPlatforms) = postSolution
		{F6E7D287-93F8-4A79-B4D0-75026AAAC283}.Debug|Any CPU.ActiveCfg = Debug|Any CPU
		{F6E7D287-93F8-4A79-B4D0-75026AAAC283}.Debug|Any CPU.Build.0 = Debug|Any CPU
		{F6E7D287-93F8-4A79-B4D0-75026AAAC283}.Release|Any CPU.ActiveCfg = Release|Any CPU
		{F6E7D287-93F8-4A79-B4D0-75026AAAC283}.Release|Any CPU.Build.0 = Release|Any CPU
		{FA77E9AA-2D16-464B-9CD4-50656DC513DF}.Debug|Any CPU.ActiveCfg = Debug|Any CPU
		{FA77E9AA-2D16-464B-9CD4-50656DC513DF}.Debug|Any CPU.Build.0 = Debug|Any CPU
		{FA77E9AA-2D16-464B-9CD4-50656DC513DF}.Release|Any CPU.ActiveCfg = Release|Any CPU
		{FA77E9AA-2D16-464B-9CD4-50656DC513DF}.Release|Any CPU.Build.0 = Release|Any CPU
	EndGlobalSection
	GlobalSection(SolutionProperties) = preSolution
		HideSolutionNode = FALSE
	EndGlobalSection
	GlobalSection(ExtensibilityGlobals) = postSolution
		SolutionGuid = {2C6666D4-620A-4C50-92BE-90C8418C2A7F}
	EndGlobalSection
EndGlobal
